
Microsoft Visual Studio Solution File, Format Version 12.00
# Visual Studio Version 16
VisualStudioVersion = 16.0.31624.102
MinimumVisualStudioVersion = 10.0.40219.1
Project("{FAE04EC0-301F-11D3-BF4B-00C04F79EFBC}") = "RegexProgram", "RegexProgram\RegexProgram.csproj", "{3B64E4B8-F4B4-41A1-8CD9-FCEF8797F291}"
EndProject
Global
	GlobalSection(SolutionConfigurationPlatforms) = preSolution
		Debug|Any CPU = Debug|Any CPU
		Release|Any CPU = Release|Any CPU
	EndGlobalSection
	GlobalSection(ProjectConfigurationPlatforms) = postSolution
		{3B64E4B8-F4B4-41A1-8CD9-FCEF8797F291}.Debug|Any CPU.ActiveCfg = Debug|Any CPU
		{3B64E4B8-F4B4-41A1-8CD9-FCEF8797F291}.Debug|Any CPU.Build.0 = Debug|Any CPU
		{3B64E4B8-F4B4-41A1-8CD9-FCEF8797F291}.Release|Any CPU.ActiveCfg = Release|Any CPU
		{3B64E4B8-F4B4-41A1-8CD9-FCEF8797F291}.Release|Any CPU.Build.0 = Release|Any CPU
	EndGlobalSection
	GlobalSection(SolutionProperties) = preSolution
		HideSolutionNode = FALSE
	EndGlobalSection
	GlobalSection(ExtensibilityGlobals) = postSolution
		SolutionGuid = {3BB5B512-59A7-4B00-964B-9415139F8830}
	EndGlobalSection
EndGlobal
